
Microsoft Visual Studio Solution File, Format Version 12.00
# Visual Studio Version 17
VisualStudioVersion = 17.8.34511.84
MinimumVisualStudioVersion = 10.0.40219.1
Project("{2150E333-8FDC-42A3-9474-1A3956D46DE8}") = "src", "src", "{153C3EC4-AE72-41AB-AAA1-FCF6375D4CDD}"
EndProject
Project("{9A19103F-16F7-4668-BE54-9A1E7A4F7556}") = "TraffiLearn.Domain", "TraffiLearn.Domain\TraffiLearn.Domain.csproj", "{266CB284-0354-4C8C-8FF8-CCD4829FAC1F}"
EndProject
Project("{9A19103F-16F7-4668-BE54-9A1E7A4F7556}") = "TraffiLearn.Application", "TraffiLearn.Application\TraffiLearn.Application.csproj", "{DE6144ED-B6BD-402B-A3E2-024821202E3D}"
EndProject
Project("{9A19103F-16F7-4668-BE54-9A1E7A4F7556}") = "TraffiLearn.Infrastructure", "TraffiLearn.Infrastructure\TraffiLearn.Infrastructure.csproj", "{FC47C713-7884-454C-8522-0BD303348F4E}"
EndProject
Project("{9A19103F-16F7-4668-BE54-9A1E7A4F7556}") = "TraffiLearn.WebAPI", "TraffiLearn.WebAPI\TraffiLearn.WebAPI.csproj", "{8654B2FD-FE4D-45FC-9435-6110E6F09379}"
EndProject
Project("{2150E333-8FDC-42A3-9474-1A3956D46DE8}") = "tests", "tests", "{341A283C-4308-45F5-AFD1-65D0E9F1FA95}"
EndProject
Project("{9A19103F-16F7-4668-BE54-9A1E7A4F7556}") = "TraffiLearn.DomainTests", "..\tests\TraffiLearn.DomainTests\TraffiLearn.DomainTests.csproj", "{93948802-D267-4CD4-8A09-6C417F06FBAF}"
EndProject
Project("{9A19103F-16F7-4668-BE54-9A1E7A4F7556}") = "TraffiLearn.ArchitectureTests", "..\tests\TraffiLearn.ArchitectureTests\TraffiLearn.ArchitectureTests.csproj", "{CC7474C3-DE89-4507-A36B-CCD1822FC371}"
EndProject
Project("{9A19103F-16F7-4668-BE54-9A1E7A4F7556}") = "TraffiLearn.IntegrationTests", "..\tests\TraffiLearn.IntegrationTests\TraffiLearn.IntegrationTests.csproj", "{FF5D0300-CCEC-41B5-9AF6-34BE3D1F187C}"
EndProject
Project("{9A19103F-16F7-4668-BE54-9A1E7A4F7556}") = "TraffiLearn.Testing.Shared", "..\tests\TraffiLearn.Testing.Shared\TraffiLearn.Testing.Shared.csproj", "{4B3CAE4D-E76C-4DFB-BEC3-5DE0CE91D221}"
EndProject
Project("{FAE04EC0-301F-11D3-BF4B-00C04F79EFBC}") = "TraffiLearn.UnitTests", "TraffiLearn.UnitTests\TraffiLearn.UnitTests.csproj", "{96DEA5FC-7245-4378-8B62-C995BC2DB4EA}"
EndProject
Global
	GlobalSection(SolutionConfigurationPlatforms) = preSolution
		Debug|Any CPU = Debug|Any CPU
		Release|Any CPU = Release|Any CPU
	EndGlobalSection
	GlobalSection(ProjectConfigurationPlatforms) = postSolution
		{266CB284-0354-4C8C-8FF8-CCD4829FAC1F}.Debug|Any CPU.ActiveCfg = Debug|Any CPU
		{266CB284-0354-4C8C-8FF8-CCD4829FAC1F}.Debug|Any CPU.Build.0 = Debug|Any CPU
		{266CB284-0354-4C8C-8FF8-CCD4829FAC1F}.Release|Any CPU.ActiveCfg = Release|Any CPU
		{266CB284-0354-4C8C-8FF8-CCD4829FAC1F}.Release|Any CPU.Build.0 = Release|Any CPU
		{DE6144ED-B6BD-402B-A3E2-024821202E3D}.Debug|Any CPU.ActiveCfg = Debug|Any CPU
		{DE6144ED-B6BD-402B-A3E2-024821202E3D}.Debug|Any CPU.Build.0 = Debug|Any CPU
		{DE6144ED-B6BD-402B-A3E2-024821202E3D}.Release|Any CPU.ActiveCfg = Release|Any CPU
		{DE6144ED-B6BD-402B-A3E2-024821202E3D}.Release|Any CPU.Build.0 = Release|Any CPU
		{FC47C713-7884-454C-8522-0BD303348F4E}.Debug|Any CPU.ActiveCfg = Debug|Any CPU
		{FC47C713-7884-454C-8522-0BD303348F4E}.Debug|Any CPU.Build.0 = Debug|Any CPU
		{FC47C713-7884-454C-8522-0BD303348F4E}.Release|Any CPU.ActiveCfg = Release|Any CPU
		{FC47C713-7884-454C-8522-0BD303348F4E}.Release|Any CPU.Build.0 = Release|Any CPU
		{8654B2FD-FE4D-45FC-9435-6110E6F09379}.Debug|Any CPU.ActiveCfg = Debug|Any CPU
		{8654B2FD-FE4D-45FC-9435-6110E6F09379}.Debug|Any CPU.Build.0 = Debug|Any CPU
		{8654B2FD-FE4D-45FC-9435-6110E6F09379}.Release|Any CPU.ActiveCfg = Release|Any CPU
		{8654B2FD-FE4D-45FC-9435-6110E6F09379}.Release|Any CPU.Build.0 = Release|Any CPU
		{93948802-D267-4CD4-8A09-6C417F06FBAF}.Debug|Any CPU.ActiveCfg = Debug|Any CPU
		{93948802-D267-4CD4-8A09-6C417F06FBAF}.Debug|Any CPU.Build.0 = Debug|Any CPU
		{93948802-D267-4CD4-8A09-6C417F06FBAF}.Release|Any CPU.ActiveCfg = Release|Any CPU
		{93948802-D267-4CD4-8A09-6C417F06FBAF}.Release|Any CPU.Build.0 = Release|Any CPU
		{CC7474C3-DE89-4507-A36B-CCD1822FC371}.Debug|Any CPU.ActiveCfg = Debug|Any CPU
		{CC7474C3-DE89-4507-A36B-CCD1822FC371}.Debug|Any CPU.Build.0 = Debug|Any CPU
		{CC7474C3-DE89-4507-A36B-CCD1822FC371}.Release|Any CPU.ActiveCfg = Release|Any CPU
		{CC7474C3-DE89-4507-A36B-CCD1822FC371}.Release|Any CPU.Build.0 = Release|Any CPU
		{FF5D0300-CCEC-41B5-9AF6-34BE3D1F187C}.Debug|Any CPU.ActiveCfg = Debug|Any CPU
		{FF5D0300-CCEC-41B5-9AF6-34BE3D1F187C}.Debug|Any CPU.Build.0 = Debug|Any CPU
		{FF5D0300-CCEC-41B5-9AF6-34BE3D1F187C}.Release|Any CPU.ActiveCfg = Release|Any CPU
		{FF5D0300-CCEC-41B5-9AF6-34BE3D1F187C}.Release|Any CPU.Build.0 = Release|Any CPU
		{4B3CAE4D-E76C-4DFB-BEC3-5DE0CE91D221}.Debug|Any CPU.ActiveCfg = Debug|Any CPU
		{4B3CAE4D-E76C-4DFB-BEC3-5DE0CE91D221}.Debug|Any CPU.Build.0 = Debug|Any CPU
		{4B3CAE4D-E76C-4DFB-BEC3-5DE0CE91D221}.Release|Any CPU.ActiveCfg = Release|Any CPU
		{4B3CAE4D-E76C-4DFB-BEC3-5DE0CE91D221}.Release|Any CPU.Build.0 = Release|Any CPU
		{96DEA5FC-7245-4378-8B62-C995BC2DB4EA}.Debug|Any CPU.ActiveCfg = Debug|Any CPU
		{96DEA5FC-7245-4378-8B62-C995BC2DB4EA}.Debug|Any CPU.Build.0 = Debug|Any CPU
		{96DEA5FC-7245-4378-8B62-C995BC2DB4EA}.Release|Any CPU.ActiveCfg = Release|Any CPU
		{96DEA5FC-7245-4378-8B62-C995BC2DB4EA}.Release|Any CPU.Build.0 = Release|Any CPU
	EndGlobalSection
	GlobalSection(SolutionProperties) = preSolution
		HideSolutionNode = FALSE
	EndGlobalSection
	GlobalSection(NestedProjects) = preSolution
		{266CB284-0354-4C8C-8FF8-CCD4829FAC1F} = {153C3EC4-AE72-41AB-AAA1-FCF6375D4CDD}
		{DE6144ED-B6BD-402B-A3E2-024821202E3D} = {153C3EC4-AE72-41AB-AAA1-FCF6375D4CDD}
		{FC47C713-7884-454C-8522-0BD303348F4E} = {153C3EC4-AE72-41AB-AAA1-FCF6375D4CDD}
		{8654B2FD-FE4D-45FC-9435-6110E6F09379} = {153C3EC4-AE72-41AB-AAA1-FCF6375D4CDD}
		{93948802-D267-4CD4-8A09-6C417F06FBAF} = {341A283C-4308-45F5-AFD1-65D0E9F1FA95}
		{CC7474C3-DE89-4507-A36B-CCD1822FC371} = {341A283C-4308-45F5-AFD1-65D0E9F1FA95}
		{FF5D0300-CCEC-41B5-9AF6-34BE3D1F187C} = {341A283C-4308-45F5-AFD1-65D0E9F1FA95}
		{4B3CAE4D-E76C-4DFB-BEC3-5DE0CE91D221} = {341A283C-4308-45F5-AFD1-65D0E9F1FA95}
		{96DEA5FC-7245-4378-8B62-C995BC2DB4EA} = {341A283C-4308-45F5-AFD1-65D0E9F1FA95}
	EndGlobalSection
	GlobalSection(ExtensibilityGlobals) = postSolution
		SolutionGuid = {F8404DBE-3C98-4ADC-81FF-D1AE134AAFDF}
	EndGlobalSection
EndGlobal
